// !$*UTF8*$!
{
	archiveVersion = 1;
	classes = {
	};
	objectVersion = 46;
	objects = {

/* Begin PBXBuildFile section */
		B482C1FE1AB212BD00D2DF00 /* CurrentlyViewController.h in Sources */ = {isa = PBXBuildFile; fileRef = B4E629031AB21021006A1A16 /* CurrentlyViewController.h */; };
		B482C1FF1AB212EE00D2DF00 /* HourlyViewController.h in Sources */ = {isa = PBXBuildFile; fileRef = B4E629061AB21021006A1A16 /* HourlyViewController.h */; };
		B4E628FF1AB21021006A1A16 /* main.m in Sources */ = {isa = PBXBuildFile; fileRef = B4E628FE1AB21021006A1A16 /* main.m */; };
		B4E629021AB21021006A1A16 /* AppDelegate.m in Sources */ = {isa = PBXBuildFile; fileRef = B4E629011AB21021006A1A16 /* AppDelegate.m */; };
		B4E629051AB21021006A1A16 /* CurrentlyViewController.m in Sources */ = {isa = PBXBuildFile; fileRef = B4E629041AB21021006A1A16 /* CurrentlyViewController.m */; };
		B4E629081AB21021006A1A16 /* HourlyViewController.m in Sources */ = {isa = PBXBuildFile; fileRef = B4E629071AB21021006A1A16 /* HourlyViewController.m */; };
		B4E6290B1AB21021006A1A16 /* Main.storyboard in Resources */ = {isa = PBXBuildFile; fileRef = B4E629091AB21021006A1A16 /* Main.storyboard */; };
		B4E6290D1AB21021006A1A16 /* Images.xcassets in Resources */ = {isa = PBXBuildFile; fileRef = B4E6290C1AB21021006A1A16 /* Images.xcassets */; };
		B4E629101AB21021006A1A16 /* LaunchScreen.xib in Resources */ = {isa = PBXBuildFile; fileRef = B4E6290E1AB21021006A1A16 /* LaunchScreen.xib */; };
		B4E6291C1AB21021006A1A16 /* VMWeatherTests.m in Sources */ = {isa = PBXBuildFile; fileRef = B4E6291B1AB21021006A1A16 /* VMWeatherTests.m */; };
/* End PBXBuildFile section */

/* Begin PBXContainerItemProxy section */
		B4E629161AB21021006A1A16 /* PBXContainerItemProxy */ = {
			isa = PBXContainerItemProxy;
			containerPortal = B4E628F11AB21020006A1A16 /* Project object */;
			proxyType = 1;
			remoteGlobalIDString = B4E628F81AB21020006A1A16;
			remoteInfo = VMWeather;
		};
/* End PBXContainerItemProxy section */

/* Begin PBXFileReference section */
		B4E628F91AB21021006A1A16 /* VMWeather.app */ = {isa = PBXFileReference; explicitFileType = wrapper.application; includeInIndex = 0; path = VMWeather.app; sourceTree = BUILT_PRODUCTS_DIR; };
		B4E628FD1AB21021006A1A16 /* Info.plist */ = {isa = PBXFileReference; lastKnownFileType = text.plist.xml; path = Info.plist; sourceTree = "<group>"; };
		B4E628FE1AB21021006A1A16 /* main.m */ = {isa = PBXFileReference; lastKnownFileType = sourcecode.c.objc; path = main.m; sourceTree = "<group>"; };
		B4E629001AB21021006A1A16 /* AppDelegate.h */ = {isa = PBXFileReference; lastKnownFileType = sourcecode.c.h; path = AppDelegate.h; sourceTree = "<group>"; };
		B4E629011AB21021006A1A16 /* AppDelegate.m */ = {isa = PBXFileReference; lastKnownFileType = sourcecode.c.objc; path = AppDelegate.m; sourceTree = "<group>"; };
		B4E629031AB21021006A1A16 /* CurrentlyViewController.h */ = {isa = PBXFileReference; lastKnownFileType = sourcecode.c.h; path = CurrentlyViewController.h; sourceTree = "<group>"; };
		B4E629041AB21021006A1A16 /* CurrentlyViewController.m */ = {isa = PBXFileReference; lastKnownFileType = sourcecode.c.objc; path = CurrentlyViewController.m; sourceTree = "<group>"; };
		B4E629061AB21021006A1A16 /* HourlyViewController.h */ = {isa = PBXFileReference; lastKnownFileType = sourcecode.c.h; path = HourlyViewController.h; sourceTree = "<group>"; };
		B4E629071AB21021006A1A16 /* HourlyViewController.m */ = {isa = PBXFileReference; lastKnownFileType = sourcecode.c.objc; path = HourlyViewController.m; sourceTree = "<group>"; };
		B4E6290A1AB21021006A1A16 /* Base */ = {isa = PBXFileReference; lastKnownFileType = file.storyboard; name = Base; path = Base.lproj/Main.storyboard; sourceTree = "<group>"; };
		B4E6290C1AB21021006A1A16 /* Images.xcassets */ = {isa = PBXFileReference; lastKnownFileType = folder.assetcatalog; name = Images.xcassets; path = ../Images.xcassets; sourceTree = "<group>"; };
		B4E6290F1AB21021006A1A16 /* Base */ = {isa = PBXFileReference; lastKnownFileType = file.xib; name = Base; path = Base.lproj/LaunchScreen.xib; sourceTree = "<group>"; };
		B4E629151AB21021006A1A16 /* VMWeatherTests.xctest */ = {isa = PBXFileReference; explicitFileType = wrapper.cfbundle; includeInIndex = 0; path = VMWeatherTests.xctest; sourceTree = BUILT_PRODUCTS_DIR; };
		B4E6291A1AB21021006A1A16 /* Info.plist */ = {isa = PBXFileReference; lastKnownFileType = text.plist.xml; path = Info.plist; sourceTree = "<group>"; };
		B4E6291B1AB21021006A1A16 /* VMWeatherTests.m */ = {isa = PBXFileReference; lastKnownFileType = sourcecode.c.objc; path = VMWeatherTests.m; sourceTree = "<group>"; };
/* End PBXFileReference section */

/* Begin PBXFrameworksBuildPhase section */
		B4E628F61AB21020006A1A16 /* Frameworks */ = {
			isa = PBXFrameworksBuildPhase;
			buildActionMask = 2147483647;
			files = (
			);
			runOnlyForDeploymentPostprocessing = 0;
		};
		B4E629121AB21021006A1A16 /* Frameworks */ = {
			isa = PBXFrameworksBuildPhase;
			buildActionMask = 2147483647;
			files = (
			);
			runOnlyForDeploymentPostprocessing = 0;
		};
/* End PBXFrameworksBuildPhase section */

/* Begin PBXGroup section */
		B4E628F01AB21020006A1A16 = {
			isa = PBXGroup;
			children = (
				B4E628FB1AB21021006A1A16 /* VMWeather */,
				B4E629181AB21021006A1A16 /* VMWeatherTests */,
				B4E628FA1AB21021006A1A16 /* Products */,
			);
			sourceTree = "<group>";
		};
		B4E628FA1AB21021006A1A16 /* Products */ = {
			isa = PBXGroup;
			children = (
				B4E628F91AB21021006A1A16 /* VMWeather.app */,
				B4E629151AB21021006A1A16 /* VMWeatherTests.xctest */,
			);
			name = Products;
			sourceTree = "<group>";
		};
		B4E628FB1AB21021006A1A16 /* VMWeather */ = {
			isa = PBXGroup;
			children = (
				B4E629251AB2106A006A1A16 /* Views */,
				B4E629261AB210A2006A1A16 /* ViewControllers */,
				B4E629001AB21021006A1A16 /* AppDelegate.h */,
				B4E629011AB21021006A1A16 /* AppDelegate.m */,
				B4E628FC1AB21021006A1A16 /* Supporting Files */,
			);
			path = VMWeather;
			sourceTree = "<group>";
		};
		B4E628FC1AB21021006A1A16 /* Supporting Files */ = {
			isa = PBXGroup;
			children = (
				B4E628FD1AB21021006A1A16 /* Info.plist */,
				B4E628FE1AB21021006A1A16 /* main.m */,
			);
			name = "Supporting Files";
			sourceTree = "<group>";
		};
		B4E629181AB21021006A1A16 /* VMWeatherTests */ = {
			isa = PBXGroup;
			children = (
				B4E6291B1AB21021006A1A16 /* VMWeatherTests.m */,
				B4E629191AB21021006A1A16 /* Supporting Files */,
			);
			path = VMWeatherTests;
			sourceTree = "<group>";
		};
		B4E629191AB21021006A1A16 /* Supporting Files */ = {
			isa = PBXGroup;
			children = (
				B4E6291A1AB21021006A1A16 /* Info.plist */,
			);
			name = "Supporting Files";
			sourceTree = "<group>";
		};
		B4E629251AB2106A006A1A16 /* Views */ = {
			isa = PBXGroup;
			children = (
				B4E629091AB21021006A1A16 /* Main.storyboard */,
				B4E6290C1AB21021006A1A16 /* Images.xcassets */,
				B4E6290E1AB21021006A1A16 /* LaunchScreen.xib */,
			);
			path = Views;
			sourceTree = "<group>";
		};
		B4E629261AB210A2006A1A16 /* ViewControllers */ = {
			isa = PBXGroup;
			children = (
				B4E629031AB21021006A1A16 /* CurrentlyViewController.h */,
				B4E629041AB21021006A1A16 /* CurrentlyViewController.m */,
				B4E629061AB21021006A1A16 /* HourlyViewController.h */,
				B4E629071AB21021006A1A16 /* HourlyViewController.m */,
			);
			path = ViewControllers;
			sourceTree = "<group>";
		};
/* End PBXGroup section */

/* Begin PBXNativeTarget section */
		B4E628F81AB21020006A1A16 /* VMWeather */ = {
			isa = PBXNativeTarget;
			buildConfigurationList = B4E6291F1AB21021006A1A16 /* Build configuration list for PBXNativeTarget "VMWeather" */;
			buildPhases = (
				B4E628F51AB21020006A1A16 /* Sources */,
				B4E628F61AB21020006A1A16 /* Frameworks */,
				B4E628F71AB21020006A1A16 /* Resources */,
			);
			buildRules = (
			);
			dependencies = (
			);
			name = VMWeather;
			productName = VMWeather;
			productReference = B4E628F91AB21021006A1A16 /* VMWeather.app */;
			productType = "com.apple.product-type.application";
		};
		B4E629141AB21021006A1A16 /* VMWeatherTests */ = {
			isa = PBXNativeTarget;
			buildConfigurationList = B4E629221AB21021006A1A16 /* Build configuration list for PBXNativeTarget "VMWeatherTests" */;
			buildPhases = (
				B4E629111AB21021006A1A16 /* Sources */,
				B4E629121AB21021006A1A16 /* Frameworks */,
				B4E629131AB21021006A1A16 /* Resources */,
			);
			buildRules = (
			);
			dependencies = (
				B4E629171AB21021006A1A16 /* PBXTargetDependency */,
			);
			name = VMWeatherTests;
			productName = VMWeatherTests;
			productReference = B4E629151AB21021006A1A16 /* VMWeatherTests.xctest */;
			productType = "com.apple.product-type.bundle.unit-test";
		};
/* End PBXNativeTarget section */

/* Begin PBXProject section */
		B4E628F11AB21020006A1A16 /* Project object */ = {
			isa = PBXProject;
			attributes = {
				LastUpgradeCheck = 0610;
				ORGANIZATIONNAME = "Ben DiFrancesco";
				TargetAttributes = {
					B4E628F81AB21020006A1A16 = {
						CreatedOnToolsVersion = 6.1.1;
					};
					B4E629141AB21021006A1A16 = {
						CreatedOnToolsVersion = 6.1.1;
						TestTargetID = B4E628F81AB21020006A1A16;
					};
				};
			};
			buildConfigurationList = B4E628F41AB21020006A1A16 /* Build configuration list for PBXProject "VMWeather" */;
			compatibilityVersion = "Xcode 3.2";
			developmentRegion = English;
			hasScannedForEncodings = 0;
			knownRegions = (
				en,
				Base,
			);
			mainGroup = B4E628F01AB21020006A1A16;
			productRefGroup = B4E628FA1AB21021006A1A16 /* Products */;
			projectDirPath = "";
			projectRoot = "";
			targets = (
				B4E628F81AB21020006A1A16 /* VMWeather */,
				B4E629141AB21021006A1A16 /* VMWeatherTests */,
			);
		};
/* End PBXProject section */

/* Begin PBXResourcesBuildPhase section */
		B4E628F71AB21020006A1A16 /* Resources */ = {
			isa = PBXResourcesBuildPhase;
			buildActionMask = 2147483647;
			files = (
				B4E6290B1AB21021006A1A16 /* Main.storyboard in Resources */,
				B4E629101AB21021006A1A16 /* LaunchScreen.xib in Resources */,
				B4E6290D1AB21021006A1A16 /* Images.xcassets in Resources */,
			);
			runOnlyForDeploymentPostprocessing = 0;
		};
		B4E629131AB21021006A1A16 /* Resources */ = {
			isa = PBXResourcesBuildPhase;
			buildActionMask = 2147483647;
			files = (
			);
			runOnlyForDeploymentPostprocessing = 0;
		};
/* End PBXResourcesBuildPhase section */

/* Begin PBXSourcesBuildPhase section */
		B4E628F51AB21020006A1A16 /* Sources */ = {
			isa = PBXSourcesBuildPhase;
			buildActionMask = 2147483647;
			files = (
				B482C1FF1AB212EE00D2DF00 /* HourlyViewController.h in Sources */,
				B482C1FE1AB212BD00D2DF00 /* CurrentlyViewController.h in Sources */,
				B4E629081AB21021006A1A16 /* HourlyViewController.m in Sources */,
				B4E629021AB21021006A1A16 /* AppDelegate.m in Sources */,
				B4E629051AB21021006A1A16 /* CurrentlyViewController.m in Sources */,
				B4E628FF1AB21021006A1A16 /* main.m in Sources */,
			);
			runOnlyForDeploymentPostprocessing = 0;
		};
		B4E629111AB21021006A1A16 /* Sources */ = {
			isa = PBXSourcesBuildPhase;
			buildActionMask = 2147483647;
			files = (
				B4E6291C1AB21021006A1A16 /* VMWeatherTests.m in Sources */,
			);
			runOnlyForDeploymentPostprocessing = 0;
		};
/* End PBXSourcesBuildPhase section */

/* Begin PBXTargetDependency section */
		B4E629171AB21021006A1A16 /* PBXTargetDependency */ = {
			isa = PBXTargetDependency;
			target = B4E628F81AB21020006A1A16 /* VMWeather */;
			targetProxy = B4E629161AB21021006A1A16 /* PBXContainerItemProxy */;
		};
/* End PBXTargetDependency section */

/* Begin PBXVariantGroup section */
		B4E629091AB21021006A1A16 /* Main.storyboard */ = {
			isa = PBXVariantGroup;
			children = (
				B4E6290A1AB21021006A1A16 /* Base */,
			);
			name = Main.storyboard;
			path = ..;
			sourceTree = "<group>";
		};
		B4E6290E1AB21021006A1A16 /* LaunchScreen.xib */ = {
			isa = PBXVariantGroup;
			children = (
				B4E6290F1AB21021006A1A16 /* Base */,
			);
			name = LaunchScreen.xib;
			path = ..;
			sourceTree = "<group>";
		};
/* End PBXVariantGroup section */

/* Begin XCBuildConfiguration section */
		B4E6291D1AB21021006A1A16 /* Debug */ = {
			isa = XCBuildConfiguration;
			buildSettings = {
				ALWAYS_SEARCH_USER_PATHS = NO;
				CLANG_CXX_LANGUAGE_STANDARD = "gnu++0x";
				CLANG_CXX_LIBRARY = "libc++";
				CLANG_ENABLE_MODULES = YES;
				CLANG_ENABLE_OBJC_ARC = YES;
				CLANG_WARN_BOOL_CONVERSION = YES;
				CLANG_WARN_CONSTANT_CONVERSION = YES;
				CLANG_WARN_DIRECT_OBJC_ISA_USAGE = YES_ERROR;
				CLANG_WARN_EMPTY_BODY = YES;
				CLANG_WARN_ENUM_CONVERSION = YES;
				CLANG_WARN_INT_CONVERSION = YES;
				CLANG_WARN_OBJC_ROOT_CLASS = YES_ERROR;
				CLANG_WARN_UNREACHABLE_CODE = YES;
				CLANG_WARN__DUPLICATE_METHOD_MATCH = YES;
				"CODE_SIGN_IDENTITY[sdk=iphoneos*]" = "iPhone Developer";
				COPY_PHASE_STRIP = NO;
				ENABLE_STRICT_OBJC_MSGSEND = YES;
				GCC_C_LANGUAGE_STANDARD = gnu99;
				GCC_DYNAMIC_NO_PIC = NO;
				GCC_OPTIMIZATION_LEVEL = 0;
				GCC_PREPROCESSOR_DEFINITIONS = (
					"DEBUG=1",
					"$(inherited)",
				);
				GCC_SYMBOLS_PRIVATE_EXTERN = NO;
				GCC_WARN_64_TO_32_BIT_CONVERSION = YES;
				GCC_WARN_ABOUT_RETURN_TYPE = YES_ERROR;
				GCC_WARN_UNDECLARED_SELECTOR = YES;
				GCC_WARN_UNINITIALIZED_AUTOS = YES_AGGRESSIVE;
				GCC_WARN_UNUSED_FUNCTION = YES;
				GCC_WARN_UNUSED_VARIABLE = YES;
				IPHONEOS_DEPLOYMENT_TARGET = 8.1;
				MTL_ENABLE_DEBUG_INFO = YES;
				ONLY_ACTIVE_ARCH = YES;
				SDKROOT = iphoneos;
			};
			name = Debug;
		};
		B4E6291E1AB21021006A1A16 /* Release */ = {
			isa = XCBuildConfiguration;
			buildSettings = {
				ALWAYS_SEARCH_USER_PATHS = NO;
				CLANG_CXX_LANGUAGE_STANDARD = "gnu++0x";
				CLANG_CXX_LIBRARY = "libc++";
				CLANG_ENABLE_MODULES = YES;
				CLANG_ENABLE_OBJC_ARC = YES;
				CLANG_WARN_BOOL_CONVERSION = YES;
				CLANG_WARN_CONSTANT_CONVERSION = YES;
				CLANG_WARN_DIRECT_OBJC_ISA_USAGE = YES_ERROR;
				CLANG_WARN_EMPTY_BODY = YES;
				CLANG_WARN_ENUM_CONVERSION = YES;
				CLANG_WARN_INT_CONVERSION = YES;
				CLANG_WARN_OBJC_ROOT_CLASS = YES_ERROR;
				CLANG_WARN_UNREACHABLE_CODE = YES;
				CLANG_WARN__DUPLICATE_METHOD_MATCH = YES;
				"CODE_SIGN_IDENTITY[sdk=iphoneos*]" = "iPhone Developer";
				COPY_PHASE_STRIP = YES;
				ENABLE_NS_ASSERTIONS = NO;
				ENABLE_STRICT_OBJC_MSGSEND = YES;
				GCC_C_LANGUAGE_STANDARD = gnu99;
				GCC_WARN_64_TO_32_BIT_CONVERSION = YES;
				GCC_WARN_ABOUT_RETURN_TYPE = YES_ERROR;
				GCC_WARN_UNDECLARED_SELECTOR = YES;
				GCC_WARN_UNINITIALIZED_AUTOS = YES_AGGRESSIVE;
				GCC_WARN_UNUSED_FUNCTION = YES;
				GCC_WARN_UNUSED_VARIABLE = YES;
				IPHONEOS_DEPLOYMENT_TARGET = 8.1;
				MTL_ENABLE_DEBUG_INFO = NO;
				SDKROOT = iphoneos;
				VALIDATE_PRODUCT = YES;
			};
			name = Release;
		};
		B4E629201AB21021006A1A16 /* Debug */ = {
			isa = XCBuildConfiguration;
			buildSettings = {
				ASSETCATALOG_COMPILER_APPICON_NAME = AppIcon;
				INFOPLIST_FILE = VMWeather/Info.plist;
				LD_RUNPATH_SEARCH_PATHS = "$(inherited) @executable_path/Frameworks";
				PRODUCT_NAME = "$(TARGET_NAME)";
			};
			name = Debug;
		};
		B4E629211AB21021006A1A16 /* Release */ = {
			isa = XCBuildConfiguration;
			buildSettings = {
				ASSETCATALOG_COMPILER_APPICON_NAME = AppIcon;
				INFOPLIST_FILE = VMWeather/Info.plist;
				LD_RUNPATH_SEARCH_PATHS = "$(inherited) @executable_path/Frameworks";
				PRODUCT_NAME = "$(TARGET_NAME)";
			};
			name = Release;
		};
		B4E629231AB21021006A1A16 /* Debug */ = {
			isa = XCBuildConfiguration;
			buildSettings = {
				BUNDLE_LOADER = "$(TEST_HOST)";
				FRAMEWORK_SEARCH_PATHS = (
					"$(SDKROOT)/Developer/Library/Frameworks",
					"$(inherited)",
				);
				GCC_PREPROCESSOR_DEFINITIONS = (
					"DEBUG=1",
					"$(inherited)",
				);
				INFOPLIST_FILE = VMWeatherTests/Info.plist;
				LD_RUNPATH_SEARCH_PATHS = "$(inherited) @executable_path/Frameworks @loader_path/Frameworks";
				PRODUCT_NAME = "$(TARGET_NAME)";
				TEST_HOST = "$(BUILT_PRODUCTS_DIR)/VMWeather.app/VMWeather";
			};
			name = Debug;
		};
		B4E629241AB21021006A1A16 /* Release */ = {
			isa = XCBuildConfiguration;
			buildSettings = {
				BUNDLE_LOADER = "$(TEST_HOST)";
				FRAMEWORK_SEARCH_PATHS = (
					"$(SDKROOT)/Developer/Library/Frameworks",
					"$(inherited)",
				);
				INFOPLIST_FILE = VMWeatherTests/Info.plist;
				LD_RUNPATH_SEARCH_PATHS = "$(inherited) @executable_path/Frameworks @loader_path/Frameworks";
				PRODUCT_NAME = "$(TARGET_NAME)";
				TEST_HOST = "$(BUILT_PRODUCTS_DIR)/VMWeather.app/VMWeather";
			};
			name = Release;
		};
/* End XCBuildConfiguration section */

/* Begin XCConfigurationList section */
		B4E628F41AB21020006A1A16 /* Build configuration list for PBXProject "VMWeather" */ = {
			isa = XCConfigurationList;
			buildConfigurations = (
				B4E6291D1AB21021006A1A16 /* Debug */,
				B4E6291E1AB21021006A1A16 /* Release */,
			);
			defaultConfigurationIsVisible = 0;
			defaultConfigurationName = Release;
		};
		B4E6291F1AB21021006A1A16 /* Build configuration list for PBXNativeTarget "VMWeather" */ = {
			isa = XCConfigurationList;
			buildConfigurations = (
				B4E629201AB21021006A1A16 /* Debug */,
				B4E629211AB21021006A1A16 /* Release */,
			);
			defaultConfigurationIsVisible = 0;
			defaultConfigurationName = Release;
		};
		B4E629221AB21021006A1A16 /* Build configuration list for PBXNativeTarget "VMWeatherTests" */ = {
			isa = XCConfigurationList;
			buildConfigurations = (
				B4E629231AB21021006A1A16 /* Debug */,
				B4E629241AB21021006A1A16 /* Release */,
			);
			defaultConfigurationIsVisible = 0;
			defaultConfigurationName = Release;
		};
/* End XCConfigurationList section */
	};
	rootObject = B4E628F11AB21020006A1A16 /* Project object */;
}
